// !$*UTF8*$!
{
	archiveVersion = 1;
	classes = {
	};
	objectVersion = 50;
	objects = {

/* Begin PBXBuildFile section */
		49257B1F25C96D2A00755EC4 /* AppDelegate.swift in Sources */ = {isa = PBXBuildFile; fileRef = 49257B1E25C96D2A00755EC4 /* AppDelegate.swift */; };
		49257B2125C96D2A00755EC4 /* SceneDelegate.swift in Sources */ = {isa = PBXBuildFile; fileRef = 49257B2025C96D2A00755EC4 /* SceneDelegate.swift */; };
		49257B2325C96D2A00755EC4 /* MemberListVC.swift in Sources */ = {isa = PBXBuildFile; fileRef = 49257B2225C96D2A00755EC4 /* MemberListVC.swift */; };
		49257B2625C96D2A00755EC4 /* Main.storyboard in Resources */ = {isa = PBXBuildFile; fileRef = 49257B2425C96D2A00755EC4 /* Main.storyboard */; };
		49257B2825C96D2C00755EC4 /* Assets.xcassets in Resources */ = {isa = PBXBuildFile; fileRef = 49257B2725C96D2C00755EC4 /* Assets.xcassets */; };
		49257B2B25C96D2C00755EC4 /* LaunchScreen.storyboard in Resources */ = {isa = PBXBuildFile; fileRef = 49257B2925C96D2C00755EC4 /* LaunchScreen.storyboard */; };
		49257B3625C96D2C00755EC4 /* ViztarChatAppTests.swift in Sources */ = {isa = PBXBuildFile; fileRef = 49257B3525C96D2C00755EC4 /* ViztarChatAppTests.swift */; };
		49257B4125C96D2C00755EC4 /* ViztarChatAppUITests.swift in Sources */ = {isa = PBXBuildFile; fileRef = 49257B4025C96D2C00755EC4 /* ViztarChatAppUITests.swift */; };
		49403B5525C9DCE7002E1D07 /* Message.swift in Sources */ = {isa = PBXBuildFile; fileRef = 49403B5425C9DCE7002E1D07 /* Message.swift */; };
		494C002125CA989D006B4530 /* chat.plist in Resources */ = {isa = PBXBuildFile; fileRef = 494C002025CA989D006B4530 /* chat.plist */; };
		494CFFFF25CA7E17006B4530 /* VLUtility.swift in Sources */ = {isa = PBXBuildFile; fileRef = 494CFFFE25CA7E17006B4530 /* VLUtility.swift */; };
		4981860F25C9B916000C5ABF /* ChatVC.swift in Sources */ = {isa = PBXBuildFile; fileRef = 4981860E25C9B916000C5ABF /* ChatVC.swift */; };
/* End PBXBuildFile section */

/* Begin PBXContainerItemProxy section */
		49257B3225C96D2C00755EC4 /* PBXContainerItemProxy */ = {
			isa = PBXContainerItemProxy;
			containerPortal = 49257B1325C96D2A00755EC4 /* Project object */;
			proxyType = 1;
			remoteGlobalIDString = 49257B1A25C96D2A00755EC4;
			remoteInfo = ViztarChatApp;
		};
		49257B3D25C96D2C00755EC4 /* PBXContainerItemProxy */ = {
			isa = PBXContainerItemProxy;
			containerPortal = 49257B1325C96D2A00755EC4 /* Project object */;
			proxyType = 1;
			remoteGlobalIDString = 49257B1A25C96D2A00755EC4;
			remoteInfo = ViztarChatApp;
		};
/* End PBXContainerItemProxy section */

/* Begin PBXFileReference section */
		49257B1B25C96D2A00755EC4 /* ViztarChatApp.app */ = {isa = PBXFileReference; explicitFileType = wrapper.application; includeInIndex = 0; path = ViztarChatApp.app; sourceTree = BUILT_PRODUCTS_DIR; };
		49257B1E25C96D2A00755EC4 /* AppDelegate.swift */ = {isa = PBXFileReference; lastKnownFileType = sourcecode.swift; path = AppDelegate.swift; sourceTree = "<group>"; };
		49257B2025C96D2A00755EC4 /* SceneDelegate.swift */ = {isa = PBXFileReference; lastKnownFileType = sourcecode.swift; path = SceneDelegate.swift; sourceTree = "<group>"; };
		49257B2225C96D2A00755EC4 /* MemberListVC.swift */ = {isa = PBXFileReference; lastKnownFileType = sourcecode.swift; path = MemberListVC.swift; sourceTree = "<group>"; };
		49257B2525C96D2A00755EC4 /* Base */ = {isa = PBXFileReference; lastKnownFileType = file.storyboard; name = Base; path = Base.lproj/Main.storyboard; sourceTree = "<group>"; };
		49257B2725C96D2C00755EC4 /* Assets.xcassets */ = {isa = PBXFileReference; lastKnownFileType = folder.assetcatalog; path = Assets.xcassets; sourceTree = "<group>"; };
		49257B2A25C96D2C00755EC4 /* Base */ = {isa = PBXFileReference; lastKnownFileType = file.storyboard; name = Base; path = Base.lproj/LaunchScreen.storyboard; sourceTree = "<group>"; };
		49257B2C25C96D2C00755EC4 /* Info.plist */ = {isa = PBXFileReference; lastKnownFileType = text.plist.xml; path = Info.plist; sourceTree = "<group>"; };
		49257B3125C96D2C00755EC4 /* ViztarChatAppTests.xctest */ = {isa = PBXFileReference; explicitFileType = wrapper.cfbundle; includeInIndex = 0; path = ViztarChatAppTests.xctest; sourceTree = BUILT_PRODUCTS_DIR; };
		49257B3525C96D2C00755EC4 /* ViztarChatAppTests.swift */ = {isa = PBXFileReference; lastKnownFileType = sourcecode.swift; path = ViztarChatAppTests.swift; sourceTree = "<group>"; };
		49257B3725C96D2C00755EC4 /* Info.plist */ = {isa = PBXFileReference; lastKnownFileType = text.plist.xml; path = Info.plist; sourceTree = "<group>"; };
		49257B3C25C96D2C00755EC4 /* ViztarChatAppUITests.xctest */ = {isa = PBXFileReference; explicitFileType = wrapper.cfbundle; includeInIndex = 0; path = ViztarChatAppUITests.xctest; sourceTree = BUILT_PRODUCTS_DIR; };
		49257B4025C96D2C00755EC4 /* ViztarChatAppUITests.swift */ = {isa = PBXFileReference; lastKnownFileType = sourcecode.swift; path = ViztarChatAppUITests.swift; sourceTree = "<group>"; };
		49257B4225C96D2C00755EC4 /* Info.plist */ = {isa = PBXFileReference; lastKnownFileType = text.plist.xml; path = Info.plist; sourceTree = "<group>"; };
		49403B5425C9DCE7002E1D07 /* Message.swift */ = {isa = PBXFileReference; lastKnownFileType = sourcecode.swift; path = Message.swift; sourceTree = "<group>"; };
		494C002025CA989D006B4530 /* chat.plist */ = {isa = PBXFileReference; lastKnownFileType = text.plist.xml; path = chat.plist; sourceTree = "<group>"; };
		494CFFFE25CA7E17006B4530 /* VLUtility.swift */ = {isa = PBXFileReference; lastKnownFileType = sourcecode.swift; path = VLUtility.swift; sourceTree = "<group>"; };
		4981860E25C9B916000C5ABF /* ChatVC.swift */ = {isa = PBXFileReference; lastKnownFileType = sourcecode.swift; path = ChatVC.swift; sourceTree = "<group>"; };
/* End PBXFileReference section */

/* Begin PBXFrameworksBuildPhase section */
		49257B1825C96D2A00755EC4 /* Frameworks */ = {
			isa = PBXFrameworksBuildPhase;
			buildActionMask = 2147483647;
			files = (
			);
			runOnlyForDeploymentPostprocessing = 0;
		};
		49257B2E25C96D2C00755EC4 /* Frameworks */ = {
			isa = PBXFrameworksBuildPhase;
			buildActionMask = 2147483647;
			files = (
			);
			runOnlyForDeploymentPostprocessing = 0;
		};
		49257B3925C96D2C00755EC4 /* Frameworks */ = {
			isa = PBXFrameworksBuildPhase;
			buildActionMask = 2147483647;
			files = (
			);
			runOnlyForDeploymentPostprocessing = 0;
		};
/* End PBXFrameworksBuildPhase section */

/* Begin PBXGroup section */
		49257B1225C96D2A00755EC4 = {
			isa = PBXGroup;
			children = (
				49257B1D25C96D2A00755EC4 /* ViztarChatApp */,
				49257B3425C96D2C00755EC4 /* ViztarChatAppTests */,
				49257B3F25C96D2C00755EC4 /* ViztarChatAppUITests */,
				49257B1C25C96D2A00755EC4 /* Products */,
			);
			sourceTree = "<group>";
		};
		49257B1C25C96D2A00755EC4 /* Products */ = {
			isa = PBXGroup;
			children = (
				49257B1B25C96D2A00755EC4 /* ViztarChatApp.app */,
				49257B3125C96D2C00755EC4 /* ViztarChatAppTests.xctest */,
				49257B3C25C96D2C00755EC4 /* ViztarChatAppUITests.xctest */,
			);
			name = Products;
			sourceTree = "<group>";
		};
		49257B1D25C96D2A00755EC4 /* ViztarChatApp */ = {
			isa = PBXGroup;
			children = (
				494C002025CA989D006B4530 /* chat.plist */,
				49257B1E25C96D2A00755EC4 /* AppDelegate.swift */,
				494CFFFE25CA7E17006B4530 /* VLUtility.swift */,
				49403B5325C9DCCB002E1D07 /* Modal */,
				4981861B25C9CAB5000C5ABF /* View */,
				49257B5325C96E2E00755EC4 /* Controller */,
				49257B5225C96E2100755EC4 /* Storyboard */,
				49257B2025C96D2A00755EC4 /* SceneDelegate.swift */,
				49257B2725C96D2C00755EC4 /* Assets.xcassets */,
				49257B2C25C96D2C00755EC4 /* Info.plist */,
			);
			path = ViztarChatApp;
			sourceTree = "<group>";
		};
		49257B3425C96D2C00755EC4 /* ViztarChatAppTests */ = {
			isa = PBXGroup;
			children = (
				49257B3525C96D2C00755EC4 /* ViztarChatAppTests.swift */,
				49257B3725C96D2C00755EC4 /* Info.plist */,
			);
			path = ViztarChatAppTests;
			sourceTree = "<group>";
		};
		49257B3F25C96D2C00755EC4 /* ViztarChatAppUITests */ = {
			isa = PBXGroup;
			children = (
				49257B4025C96D2C00755EC4 /* ViztarChatAppUITests.swift */,
				49257B4225C96D2C00755EC4 /* Info.plist */,
			);
			path = ViztarChatAppUITests;
			sourceTree = "<group>";
		};
		49257B5225C96E2100755EC4 /* Storyboard */ = {
			isa = PBXGroup;
			children = (
				49257B2425C96D2A00755EC4 /* Main.storyboard */,
				49257B2925C96D2C00755EC4 /* LaunchScreen.storyboard */,
			);
			path = Storyboard;
			sourceTree = "<group>";
		};
		49257B5325C96E2E00755EC4 /* Controller */ = {
			isa = PBXGroup;
			children = (
				49257B2225C96D2A00755EC4 /* MemberListVC.swift */,
				4981860E25C9B916000C5ABF /* ChatVC.swift */,
			);
			path = Controller;
			sourceTree = "<group>";
		};
		49403B5325C9DCCB002E1D07 /* Modal */ = {
			isa = PBXGroup;
			children = (
				49403B5425C9DCE7002E1D07 /* Message.swift */,
			);
			path = Modal;
			sourceTree = "<group>";
		};
		4981861B25C9CAB5000C5ABF /* View */ = {
			isa = PBXGroup;
			children = (
			);
			path = View;
			sourceTree = "<group>";
		};
/* End PBXGroup section */

/* Begin PBXNativeTarget section */
		49257B1A25C96D2A00755EC4 /* ViztarChatApp */ = {
			isa = PBXNativeTarget;
			buildConfigurationList = 49257B4525C96D2C00755EC4 /* Build configuration list for PBXNativeTarget "ViztarChatApp" */;
			buildPhases = (
				49257B1725C96D2A00755EC4 /* Sources */,
				49257B1825C96D2A00755EC4 /* Frameworks */,
				49257B1925C96D2A00755EC4 /* Resources */,
			);
			buildRules = (
			);
			dependencies = (
			);
			name = ViztarChatApp;
			productName = ViztarChatApp;
			productReference = 49257B1B25C96D2A00755EC4 /* ViztarChatApp.app */;
			productType = "com.apple.product-type.application";
		};
		49257B3025C96D2C00755EC4 /* ViztarChatAppTests */ = {
			isa = PBXNativeTarget;
			buildConfigurationList = 49257B4825C96D2C00755EC4 /* Build configuration list for PBXNativeTarget "ViztarChatAppTests" */;
			buildPhases = (
				49257B2D25C96D2C00755EC4 /* Sources */,
				49257B2E25C96D2C00755EC4 /* Frameworks */,
				49257B2F25C96D2C00755EC4 /* Resources */,
			);
			buildRules = (
			);
			dependencies = (
				49257B3325C96D2C00755EC4 /* PBXTargetDependency */,
			);
			name = ViztarChatAppTests;
			productName = ViztarChatAppTests;
			productReference = 49257B3125C96D2C00755EC4 /* ViztarChatAppTests.xctest */;
			productType = "com.apple.product-type.bundle.unit-test";
		};
		49257B3B25C96D2C00755EC4 /* ViztarChatAppUITests */ = {
			isa = PBXNativeTarget;
			buildConfigurationList = 49257B4B25C96D2C00755EC4 /* Build configuration list for PBXNativeTarget "ViztarChatAppUITests" */;
			buildPhases = (
				49257B3825C96D2C00755EC4 /* Sources */,
				49257B3925C96D2C00755EC4 /* Frameworks */,
				49257B3A25C96D2C00755EC4 /* Resources */,
			);
			buildRules = (
			);
			dependencies = (
				49257B3E25C96D2C00755EC4 /* PBXTargetDependency */,
			);
			name = ViztarChatAppUITests;
			productName = ViztarChatAppUITests;
			productReference = 49257B3C25C96D2C00755EC4 /* ViztarChatAppUITests.xctest */;
			productType = "com.apple.product-type.bundle.ui-testing";
		};
/* End PBXNativeTarget section */

/* Begin PBXProject section */
		49257B1325C96D2A00755EC4 /* Project object */ = {
			isa = PBXProject;
			attributes = {
				LastSwiftUpdateCheck = 1230;
				LastUpgradeCheck = 1230;
				TargetAttributes = {
					49257B1A25C96D2A00755EC4 = {
						CreatedOnToolsVersion = 12.3;
					};
					49257B3025C96D2C00755EC4 = {
						CreatedOnToolsVersion = 12.3;
						TestTargetID = 49257B1A25C96D2A00755EC4;
					};
					49257B3B25C96D2C00755EC4 = {
						CreatedOnToolsVersion = 12.3;
						TestTargetID = 49257B1A25C96D2A00755EC4;
					};
				};
			};
			buildConfigurationList = 49257B1625C96D2A00755EC4 /* Build configuration list for PBXProject "ViztarChatApp" */;
			compatibilityVersion = "Xcode 9.3";
			developmentRegion = en;
			hasScannedForEncodings = 0;
			knownRegions = (
				en,
				Base,
			);
			mainGroup = 49257B1225C96D2A00755EC4;
			productRefGroup = 49257B1C25C96D2A00755EC4 /* Products */;
			projectDirPath = "";
			projectRoot = "";
			targets = (
				49257B1A25C96D2A00755EC4 /* ViztarChatApp */,
				49257B3025C96D2C00755EC4 /* ViztarChatAppTests */,
				49257B3B25C96D2C00755EC4 /* ViztarChatAppUITests */,
			);
		};
/* End PBXProject section */

/* Begin PBXResourcesBuildPhase section */
		49257B1925C96D2A00755EC4 /* Resources */ = {
			isa = PBXResourcesBuildPhase;
			buildActionMask = 2147483647;
			files = (
				494C002125CA989D006B4530 /* chat.plist in Resources */,
				49257B2B25C96D2C00755EC4 /* LaunchScreen.storyboard in Resources */,
				49257B2825C96D2C00755EC4 /* Assets.xcassets in Resources */,
				49257B2625C96D2A00755EC4 /* Main.storyboard in Resources */,
			);
			runOnlyForDeploymentPostprocessing = 0;
		};
		49257B2F25C96D2C00755EC4 /* Resources */ = {
			isa = PBXResourcesBuildPhase;
			buildActionMask = 2147483647;
			files = (
			);
			runOnlyForDeploymentPostprocessing = 0;
		};
		49257B3A25C96D2C00755EC4 /* Resources */ = {
			isa = PBXResourcesBuildPhase;
			buildActionMask = 2147483647;
			files = (
			);
			runOnlyForDeploymentPostprocessing = 0;
		};
/* End PBXResourcesBuildPhase section */

/* Begin PBXSourcesBuildPhase section */
		49257B1725C96D2A00755EC4 /* Sources */ = {
			isa = PBXSourcesBuildPhase;
			buildActionMask = 2147483647;
			files = (
				49403B5525C9DCE7002E1D07 /* Message.swift in Sources */,
				4981860F25C9B916000C5ABF /* ChatVC.swift in Sources */,
				49257B2325C96D2A00755EC4 /* MemberListVC.swift in Sources */,
				49257B1F25C96D2A00755EC4 /* AppDelegate.swift in Sources */,
				494CFFFF25CA7E17006B4530 /* VLUtility.swift in Sources */,
				49257B2125C96D2A00755EC4 /* SceneDelegate.swift in Sources */,
			);
			runOnlyForDeploymentPostprocessing = 0;
		};
		49257B2D25C96D2C00755EC4 /* Sources */ = {
			isa = PBXSourcesBuildPhase;
			buildActionMask = 2147483647;
			files = (
				49257B3625C96D2C00755EC4 /* ViztarChatAppTests.swift in Sources */,
			);
			runOnlyForDeploymentPostprocessing = 0;
		};
		49257B3825C96D2C00755EC4 /* Sources */ = {
			isa = PBXSourcesBuildPhase;
			buildActionMask = 2147483647;
			files = (
				49257B4125C96D2C00755EC4 /* ViztarChatAppUITests.swift in Sources */,
			);
			runOnlyForDeploymentPostprocessing = 0;
		};
/* End PBXSourcesBuildPhase section */

/* Begin PBXTargetDependency section */
		49257B3325C96D2C00755EC4 /* PBXTargetDependency */ = {
			isa = PBXTargetDependency;
			target = 49257B1A25C96D2A00755EC4 /* ViztarChatApp */;
			targetProxy = 49257B3225C96D2C00755EC4 /* PBXContainerItemProxy */;
		};
		49257B3E25C96D2C00755EC4 /* PBXTargetDependency */ = {
			isa = PBXTargetDependency;
			target = 49257B1A25C96D2A00755EC4 /* ViztarChatApp */;
			targetProxy = 49257B3D25C96D2C00755EC4 /* PBXContainerItemProxy */;
		};
/* End PBXTargetDependency section */

/* Begin PBXVariantGroup section */
		49257B2425C96D2A00755EC4 /* Main.storyboard */ = {
			isa = PBXVariantGroup;
			children = (
				49257B2525C96D2A00755EC4 /* Base */,
			);
			name = Main.storyboard;
			sourceTree = "<group>";
		};
		49257B2925C96D2C00755EC4 /* LaunchScreen.storyboard */ = {
			isa = PBXVariantGroup;
			children = (
				49257B2A25C96D2C00755EC4 /* Base */,
			);
			name = LaunchScreen.storyboard;
			sourceTree = "<group>";
		};
/* End PBXVariantGroup section */

/* Begin XCBuildConfiguration section */
		49257B4325C96D2C00755EC4 /* Debug */ = {
			isa = XCBuildConfiguration;
			buildSettings = {
				ALWAYS_SEARCH_USER_PATHS = NO;
				CLANG_ANALYZER_NONNULL = YES;
				CLANG_ANALYZER_NUMBER_OBJECT_CONVERSION = YES_AGGRESSIVE;
				CLANG_CXX_LANGUAGE_STANDARD = "gnu++14";
				CLANG_CXX_LIBRARY = "libc++";
				CLANG_ENABLE_MODULES = YES;
				CLANG_ENABLE_OBJC_ARC = YES;
				CLANG_ENABLE_OBJC_WEAK = YES;
				CLANG_WARN_BLOCK_CAPTURE_AUTORELEASING = YES;
				CLANG_WARN_BOOL_CONVERSION = YES;
				CLANG_WARN_COMMA = YES;
				CLANG_WARN_CONSTANT_CONVERSION = YES;
				CLANG_WARN_DEPRECATED_OBJC_IMPLEMENTATIONS = YES;
				CLANG_WARN_DIRECT_OBJC_ISA_USAGE = YES_ERROR;
				CLANG_WARN_DOCUMENTATION_COMMENTS = YES;
				CLANG_WARN_EMPTY_BODY = YES;
				CLANG_WARN_ENUM_CONVERSION = YES;
				CLANG_WARN_INFINITE_RECURSION = YES;
				CLANG_WARN_INT_CONVERSION = YES;
				CLANG_WARN_NON_LITERAL_NULL_CONVERSION = YES;
				CLANG_WARN_OBJC_IMPLICIT_RETAIN_SELF = YES;
				CLANG_WARN_OBJC_LITERAL_CONVERSION = YES;
				CLANG_WARN_OBJC_ROOT_CLASS = YES_ERROR;
				CLANG_WARN_QUOTED_INCLUDE_IN_FRAMEWORK_HEADER = YES;
				CLANG_WARN_RANGE_LOOP_ANALYSIS = YES;
				CLANG_WARN_STRICT_PROTOTYPES = YES;
				CLANG_WARN_SUSPICIOUS_MOVE = YES;
				CLANG_WARN_UNGUARDED_AVAILABILITY = YES_AGGRESSIVE;
				CLANG_WARN_UNREACHABLE_CODE = YES;
				CLANG_WARN__DUPLICATE_METHOD_MATCH = YES;
				COPY_PHASE_STRIP = NO;
				DEBUG_INFORMATION_FORMAT = dwarf;
				ENABLE_STRICT_OBJC_MSGSEND = YES;
				ENABLE_TESTABILITY = YES;
				GCC_C_LANGUAGE_STANDARD = gnu11;
				GCC_DYNAMIC_NO_PIC = NO;
				GCC_NO_COMMON_BLOCKS = YES;
				GCC_OPTIMIZATION_LEVEL = 0;
				GCC_PREPROCESSOR_DEFINITIONS = (
					"DEBUG=1",
					"$(inherited)",
				);
				GCC_WARN_64_TO_32_BIT_CONVERSION = YES;
				GCC_WARN_ABOUT_RETURN_TYPE = YES_ERROR;
				GCC_WARN_UNDECLARED_SELECTOR = YES;
				GCC_WARN_UNINITIALIZED_AUTOS = YES_AGGRESSIVE;
				GCC_WARN_UNUSED_FUNCTION = YES;
				GCC_WARN_UNUSED_VARIABLE = YES;
				IPHONEOS_DEPLOYMENT_TARGET = 14.3;
				MTL_ENABLE_DEBUG_INFO = INCLUDE_SOURCE;
				MTL_FAST_MATH = YES;
				ONLY_ACTIVE_ARCH = YES;
				SDKROOT = iphoneos;
				SWIFT_ACTIVE_COMPILATION_CONDITIONS = DEBUG;
				SWIFT_OPTIMIZATION_LEVEL = "-Onone";
			};
			name = Debug;
		};
		49257B4425C96D2C00755EC4 /* Release */ = {
			isa = XCBuildConfiguration;
			buildSettings = {
				ALWAYS_SEARCH_USER_PATHS = NO;
				CLANG_ANALYZER_NONNULL = YES;
				CLANG_ANALYZER_NUMBER_OBJECT_CONVERSION = YES_AGGRESSIVE;
				CLANG_CXX_LANGUAGE_STANDARD = "gnu++14";
				CLANG_CXX_LIBRARY = "libc++";
				CLANG_ENABLE_MODULES = YES;
				CLANG_ENABLE_OBJC_ARC = YES;
				CLANG_ENABLE_OBJC_WEAK = YES;
				CLANG_WARN_BLOCK_CAPTURE_AUTORELEASING = YES;
				CLANG_WARN_BOOL_CONVERSION = YES;
				CLANG_WARN_COMMA = YES;
				CLANG_WARN_CONSTANT_CONVERSION = YES;
				CLANG_WARN_DEPRECATED_OBJC_IMPLEMENTATIONS = YES;
				CLANG_WARN_DIRECT_OBJC_ISA_USAGE = YES_ERROR;
				CLANG_WARN_DOCUMENTATION_COMMENTS = YES;
				CLANG_WARN_EMPTY_BODY = YES;
				CLANG_WARN_ENUM_CONVERSION = YES;
				CLANG_WARN_INFINITE_RECURSION = YES;
				CLANG_WARN_INT_CONVERSION = YES;
				CLANG_WARN_NON_LITERAL_NULL_CONVERSION = YES;
				CLANG_WARN_OBJC_IMPLICIT_RETAIN_SELF = YES;
				CLANG_WARN_OBJC_LITERAL_CONVERSION = YES;
				CLANG_WARN_OBJC_ROOT_CLASS = YES_ERROR;
				CLANG_WARN_QUOTED_INCLUDE_IN_FRAMEWORK_HEADER = YES;
				CLANG_WARN_RANGE_LOOP_ANALYSIS = YES;
				CLANG_WARN_STRICT_PROTOTYPES = YES;
				CLANG_WARN_SUSPICIOUS_MOVE = YES;
				CLANG_WARN_UNGUARDED_AVAILABILITY = YES_AGGRESSIVE;
				CLANG_WARN_UNREACHABLE_CODE = YES;
				CLANG_WARN__DUPLICATE_METHOD_MATCH = YES;
				COPY_PHASE_STRIP = NO;
				DEBUG_INFORMATION_FORMAT = "dwarf-with-dsym";
				ENABLE_NS_ASSERTIONS = NO;
				ENABLE_STRICT_OBJC_MSGSEND = YES;
				GCC_C_LANGUAGE_STANDARD = gnu11;
				GCC_NO_COMMON_BLOCKS = YES;
				GCC_WARN_64_TO_32_BIT_CONVERSION = YES;
				GCC_WARN_ABOUT_RETURN_TYPE = YES_ERROR;
				GCC_WARN_UNDECLARED_SELECTOR = YES;
				GCC_WARN_UNINITIALIZED_AUTOS = YES_AGGRESSIVE;
				GCC_WARN_UNUSED_FUNCTION = YES;
				GCC_WARN_UNUSED_VARIABLE = YES;
				IPHONEOS_DEPLOYMENT_TARGET = 14.3;
				MTL_ENABLE_DEBUG_INFO = NO;
				MTL_FAST_MATH = YES;
				SDKROOT = iphoneos;
				SWIFT_COMPILATION_MODE = wholemodule;
				SWIFT_OPTIMIZATION_LEVEL = "-O";
				VALIDATE_PRODUCT = YES;
			};
			name = Release;
		};
		49257B4625C96D2C00755EC4 /* Debug */ = {
			isa = XCBuildConfiguration;
			buildSettings = {
				ASSETCATALOG_COMPILER_APPICON_NAME = AppIcon;
				ASSETCATALOG_COMPILER_GLOBAL_ACCENT_COLOR_NAME = AccentColor;
				CODE_SIGN_STYLE = Automatic;
				DEVELOPMENT_TEAM = QP9MX3J7UD;
				INFOPLIST_FILE = ViztarChatApp/Info.plist;
				LD_RUNPATH_SEARCH_PATHS = (
					"$(inherited)",
					"@executable_path/Frameworks",
				);
				PRODUCT_BUNDLE_IDENTIFIER = com.vivek.ViztarChatApp;
				PRODUCT_NAME = "$(TARGET_NAME)";
				SWIFT_VERSION = 5.0;
				TARGETED_DEVICE_FAMILY = "1,2";
			};
			name = Debug;
		};
		49257B4725C96D2C00755EC4 /* Release */ = {
			isa = XCBuildConfiguration;
			buildSettings = {
				ASSETCATALOG_COMPILER_APPICON_NAME = AppIcon;
				ASSETCATALOG_COMPILER_GLOBAL_ACCENT_COLOR_NAME = AccentColor;
				CODE_SIGN_STYLE = Automatic;
				DEVELOPMENT_TEAM = QP9MX3J7UD;
				INFOPLIST_FILE = ViztarChatApp/Info.plist;
				LD_RUNPATH_SEARCH_PATHS = (
					"$(inherited)",
					"@executable_path/Frameworks",
				);
				PRODUCT_BUNDLE_IDENTIFIER = com.vivek.ViztarChatApp;
				PRODUCT_NAME = "$(TARGET_NAME)";
				SWIFT_VERSION = 5.0;
				TARGETED_DEVICE_FAMILY = "1,2";
			};
			name = Release;
		};
		49257B4925C96D2C00755EC4 /* Debug */ = {
			isa = XCBuildConfiguration;
			buildSettings = {
				ALWAYS_EMBED_SWIFT_STANDARD_LIBRARIES = YES;
				BUNDLE_LOADER = "$(TEST_HOST)";
				CODE_SIGN_STYLE = Automatic;
				DEVELOPMENT_TEAM = QP9MX3J7UD;
				INFOPLIST_FILE = ViztarChatAppTests/Info.plist;
				IPHONEOS_DEPLOYMENT_TARGET = 14.3;
				LD_RUNPATH_SEARCH_PATHS = (
					"$(inherited)",
					"@executable_path/Frameworks",
					"@loader_path/Frameworks",
				);
				PRODUCT_BUNDLE_IDENTIFIER = com.vivek.ViztarChatAppTests;
				PRODUCT_NAME = "$(TARGET_NAME)";
				SWIFT_VERSION = 5.0;
				TARGETED_DEVICE_FAMILY = "1,2";
				TEST_HOST = "$(BUILT_PRODUCTS_DIR)/ViztarChatApp.app/ViztarChatApp";
			};
			name = Debug;
		};
		49257B4A25C96D2C00755EC4 /* Release */ = {
			isa = XCBuildConfiguration;
			buildSettings = {
				ALWAYS_EMBED_SWIFT_STANDARD_LIBRARIES = YES;
				BUNDLE_LOADER = "$(TEST_HOST)";
				CODE_SIGN_STYLE = Automatic;
				DEVELOPMENT_TEAM = QP9MX3J7UD;
				INFOPLIST_FILE = ViztarChatAppTests/Info.plist;
				IPHONEOS_DEPLOYMENT_TARGET = 14.3;
				LD_RUNPATH_SEARCH_PATHS = (
					"$(inherited)",
					"@executable_path/Frameworks",
					"@loader_path/Frameworks",
				);
				PRODUCT_BUNDLE_IDENTIFIER = com.vivek.ViztarChatAppTests;
				PRODUCT_NAME = "$(TARGET_NAME)";
				SWIFT_VERSION = 5.0;
				TARGETED_DEVICE_FAMILY = "1,2";
				TEST_HOST = "$(BUILT_PRODUCTS_DIR)/ViztarChatApp.app/ViztarChatApp";
			};
			name = Release;
		};
		49257B4C25C96D2C00755EC4 /* Debug */ = {
			isa = XCBuildConfiguration;
			buildSettings = {
				ALWAYS_EMBED_SWIFT_STANDARD_LIBRARIES = YES;
				CODE_SIGN_STYLE = Automatic;
				DEVELOPMENT_TEAM = QP9MX3J7UD;
				INFOPLIST_FILE = ViztarChatAppUITests/Info.plist;
				LD_RUNPATH_SEARCH_PATHS = (
					"$(inherited)",
					"@executable_path/Frameworks",
					"@loader_path/Frameworks",
				);
				PRODUCT_BUNDLE_IDENTIFIER = com.vivek.ViztarChatAppUITests;
				PRODUCT_NAME = "$(TARGET_NAME)";
				SWIFT_VERSION = 5.0;
				TARGETED_DEVICE_FAMILY = "1,2";
				TEST_TARGET_NAME = ViztarChatApp;
			};
			name = Debug;
		};
		49257B4D25C96D2C00755EC4 /* Release */ = {
			isa = XCBuildConfiguration;
			buildSettings = {
				ALWAYS_EMBED_SWIFT_STANDARD_LIBRARIES = YES;
				CODE_SIGN_STYLE = Automatic;
				DEVELOPMENT_TEAM = QP9MX3J7UD;
				INFOPLIST_FILE = ViztarChatAppUITests/Info.plist;
				LD_RUNPATH_SEARCH_PATHS = (
					"$(inherited)",
					"@executable_path/Frameworks",
					"@loader_path/Frameworks",
				);
				PRODUCT_BUNDLE_IDENTIFIER = com.vivek.ViztarChatAppUITests;
				PRODUCT_NAME = "$(TARGET_NAME)";
				SWIFT_VERSION = 5.0;
				TARGETED_DEVICE_FAMILY = "1,2";
				TEST_TARGET_NAME = ViztarChatApp;
			};
			name = Release;
		};
/* End XCBuildConfiguration section */

/* Begin XCConfigurationList section */
		49257B1625C96D2A00755EC4 /* Build configuration list for PBXProject "ViztarChatApp" */ = {
			isa = XCConfigurationList;
			buildConfigurations = (
				49257B4325C96D2C00755EC4 /* Debug */,
				49257B4425C96D2C00755EC4 /* Release */,
			);
			defaultConfigurationIsVisible = 0;
			defaultConfigurationName = Release;
		};
		49257B4525C96D2C00755EC4 /* Build configuration list for PBXNativeTarget "ViztarChatApp" */ = {
			isa = XCConfigurationList;
			buildConfigurations = (
				49257B4625C96D2C00755EC4 /* Debug */,
				49257B4725C96D2C00755EC4 /* Release */,
			);
			defaultConfigurationIsVisible = 0;
			defaultConfigurationName = Release;
		};
		49257B4825C96D2C00755EC4 /* Build configuration list for PBXNativeTarget "ViztarChatAppTests" */ = {
			isa = XCConfigurationList;
			buildConfigurations = (
				49257B4925C96D2C00755EC4 /* Debug */,
				49257B4A25C96D2C00755EC4 /* Release */,
			);
			defaultConfigurationIsVisible = 0;
			defaultConfigurationName = Release;
		};
		49257B4B25C96D2C00755EC4 /* Build configuration list for PBXNativeTarget "ViztarChatAppUITests" */ = {
			isa = XCConfigurationList;
			buildConfigurations = (
				49257B4C25C96D2C00755EC4 /* Debug */,
				49257B4D25C96D2C00755EC4 /* Release */,
			);
			defaultConfigurationIsVisible = 0;
			defaultConfigurationName = Release;
		};
/* End XCConfigurationList section */
	};
	rootObject = 49257B1325C96D2A00755EC4 /* Project object */;
}
